# This file is generated by running "yarn install" inside your project.
# Manual changes might be lost - proceed with caution!

__metadata:
  version: 6
  cacheKey: 8

"@autil/hazel@workspace:*, @autil/hazel@workspace:packages/hazel":
  version: 0.0.0-use.local
  resolution: "@autil/hazel@workspace:packages/hazel"
  dependencies:
    "@autil/helpers": "workspace:*"
    "@stablelib/x25519": ^1.0.3
    "@types/base64-js": ^1.3.0
    "@types/node-forge": ^1.0.4
    arraybuffer-equal: ^1.0.4
    base64-js: ^1.5.1
    node-forge: ^1.3.1
  languageName: unknown
  linkType: soft

"@autil/helpers@workspace:*, @autil/helpers@workspace:packages/helpers":
  version: 0.0.0-use.local
  resolution: "@autil/helpers@workspace:packages/helpers"
  languageName: unknown
  linkType: soft

"@autil/http-api@workspace:packages/http-api":
  version: 0.0.0-use.local
  resolution: "@autil/http-api@workspace:packages/http-api"
  languageName: unknown
  linkType: soft

"@autil/node-udp-socket@workspace:packages/node-udp-socket":
  version: 0.0.0-use.local
  resolution: "@autil/node-udp-socket@workspace:packages/node-udp-socket"
  dependencies:
    "@autil/hazel": "workspace:*"
  languageName: unknown
  linkType: soft

"@stablelib/binary@npm:^1.0.1":
  version: 1.0.1
  resolution: "@stablelib/binary@npm:1.0.1"
  dependencies:
    "@stablelib/int": ^1.0.1
  checksum: dca9b98eb1f56a4002b5b9e7351fbc49f3d8616af87007c01e833bd763ac89214eb5f3b7e18673c91ce59d4a0e4856a2eb661ace33d39f17fb1ad267271fccd8
  languageName: node
  linkType: hard

"@stablelib/bytes@npm:^1.0.1":
  version: 1.0.1
  resolution: "@stablelib/bytes@npm:1.0.1"
  checksum: 456267e08c3384abcb71d3ad3e97a6f99185ad754bac016f501ebea4e4886f37900589143b57e33bdbbf513a92fc89368c15dd4517e0540d0bdc79ecdf9dd087
  languageName: node
  linkType: hard

"@stablelib/int@npm:^1.0.1":
  version: 1.0.1
  resolution: "@stablelib/int@npm:1.0.1"
  checksum: 65bfbf50a382eea70c68e05366bf379cfceff8fbc076f1c267ef2f2411d7aed64fd140c415cb6c29f19a3910d3b8b7805d4b32ad5721a5007a8e744a808c7ae3
  languageName: node
  linkType: hard

"@stablelib/keyagreement@npm:^1.0.1":
  version: 1.0.1
  resolution: "@stablelib/keyagreement@npm:1.0.1"
  dependencies:
    "@stablelib/bytes": ^1.0.1
  checksum: 3c8ec904dd50f72f3162f5447a0fa8f1d9ca6e24cd272d3dbe84971267f3b47f9bd5dc4e4eeedf3fbac2fe01f2d9277053e57c8e60db8c5544bfb35c62d290dd
  languageName: node
  linkType: hard

"@stablelib/random@npm:^1.0.2":
  version: 1.0.2
  resolution: "@stablelib/random@npm:1.0.2"
  dependencies:
    "@stablelib/binary": ^1.0.1
    "@stablelib/wipe": ^1.0.1
  checksum: f5ace0a588dc4c21f01cb85837892d4c872e994ae77a58a8eb7dd61aa0b26fb1e9b46b0445e71af57d963ef7d9f5965c64258fc0d04df7b2947bc48f2d3560c5
  languageName: node
  linkType: hard

"@stablelib/wipe@npm:^1.0.1":
  version: 1.0.1
  resolution: "@stablelib/wipe@npm:1.0.1"
  checksum: 287802eb146810a46ba72af70b82022caf83a8aeebde23605f5ee0decf64fe2b97a60c856e43b6617b5801287c30cfa863cfb0469e7fcde6f02d143cf0c6cbf4
  languageName: node
  linkType: hard

"@stablelib/x25519@npm:^1.0.3":
  version: 1.0.3
  resolution: "@stablelib/x25519@npm:1.0.3"
  dependencies:
    "@stablelib/keyagreement": ^1.0.1
    "@stablelib/random": ^1.0.2
    "@stablelib/wipe": ^1.0.1
  checksum: f8537066b542b6770c1b5b2ae5ad0688d1b986e4bf818067c152c123a5471531987bbf024224f75f387f481ccc5b628e391e49e92102b8b1a3e2d449d6105402
  languageName: node
  linkType: hard

"@types/base64-js@npm:^1.3.0":
  version: 1.3.0
  resolution: "@types/base64-js@npm:1.3.0"
  checksum: e9a15d49e066a324d06664ca5a42c5143e7ef4696310496507e1eb82c6d835dc39c4981aad1e044d329b43bd26efe5ead532c501c36a1227faef6da4096e1ba4
  languageName: node
  linkType: hard

"@types/node-forge@npm:^1.0.4":
  version: 1.0.4
  resolution: "@types/node-forge@npm:1.0.4"
  dependencies:
    "@types/node": "*"
  checksum: 3288087526c5c0270c97fde717f6046ef29224d236b85ddb738eecd3322b96f486509a545f09731f2542ac773c609157d57c852a9574712b86b1719371ba877c
  languageName: node
  linkType: hard

"@types/node@npm:*":
  version: 18.7.18
  resolution: "@types/node@npm:18.7.18"
  checksum: 8aec61f0f96e2a69ce51f1f40f949ca578bbb4fe05d7c0b8ce3aeeb848e90f755837f17f6ac132ca404d974fe9b2974150ad3b4984fc9dc7c3ceddb10bae0167
  languageName: node
  linkType: hard

"arraybuffer-equal@npm:^1.0.4":
  version: 1.0.4
  resolution: "arraybuffer-equal@npm:1.0.4"
  checksum: 5d37344f9fbfe87db5a053645f660bb02513ea66aeec153f1dd96a7420803aa68f7a5700fac2485c2255ae3efea8c70d06c9941a603d7851f3b1c9f383259663
  languageName: node
  linkType: hard

"autil@workspace:.":
  version: 0.0.0-use.local
  resolution: "autil@workspace:."
  languageName: unknown
  linkType: soft

"base64-js@npm:^1.5.1":
  version: 1.5.1
  resolution: "base64-js@npm:1.5.1"
  checksum: 669632eb3745404c2f822a18fc3a0122d2f9a7a13f7fb8b5823ee19d1d2ff9ee5b52c53367176ea4ad093c332fd5ab4bd0ebae5a8e27917a4105a4cfc86b1005
  languageName: node
  linkType: hard

"node-forge@npm:^1.3.1":
  version: 1.3.1
  resolution: "node-forge@npm:1.3.1"
  checksum: 08fb072d3d670599c89a1704b3e9c649ff1b998256737f0e06fbd1a5bf41cae4457ccaee32d95052d80bbafd9ffe01284e078c8071f0267dc9744e51c5ed42a9
  languageName: node
  linkType: hard
